
Microsoft Visual Studio Solution File, Format Version 12.00
# Visual Studio Version 16
VisualStudioVersion = 16.0.28803.156
MinimumVisualStudioVersion = 10.0.40219.1
Project("{FAE04EC0-301F-11D3-BF4B-00C04F79EFBC}") = "CompanyManagement", "CompanyManagement\CompanyManagement.csproj", "{CC31F6BA-4605-475F-AE4B-9CFA0B76AAB2}"
EndProject
Project("{FAE04EC0-301F-11D3-BF4B-00C04F79EFBC}") = "UnitTest", "UnitTest\UnitTest.csproj", "{3B3FB98E-894B-4781-B957-72E9F0539BE6}"
EndProject
Global
	GlobalSection(SolutionConfigurationPlatforms) = preSolution
		Debug|Any CPU = Debug|Any CPU
		Release|Any CPU = Release|Any CPU
	EndGlobalSection
	GlobalSection(ProjectConfigurationPlatforms) = postSolution
		{CC31F6BA-4605-475F-AE4B-9CFA0B76AAB2}.Debug|Any CPU.ActiveCfg = Debug|Any CPU
		{CC31F6BA-4605-475F-AE4B-9CFA0B76AAB2}.Debug|Any CPU.Build.0 = Debug|Any CPU
		{CC31F6BA-4605-475F-AE4B-9CFA0B76AAB2}.Release|Any CPU.ActiveCfg = Release|Any CPU
		{CC31F6BA-4605-475F-AE4B-9CFA0B76AAB2}.Release|Any CPU.Build.0 = Release|Any CPU
		{3B3FB98E-894B-4781-B957-72E9F0539BE6}.Debug|Any CPU.ActiveCfg = Debug|Any CPU
		{3B3FB98E-894B-4781-B957-72E9F0539BE6}.Debug|Any CPU.Build.0 = Debug|Any CPU
		{3B3FB98E-894B-4781-B957-72E9F0539BE6}.Release|Any CPU.ActiveCfg = Release|Any CPU
		{3B3FB98E-894B-4781-B957-72E9F0539BE6}.Release|Any CPU.Build.0 = Release|Any CPU
	EndGlobalSection
	GlobalSection(SolutionProperties) = preSolution
		HideSolutionNode = FALSE
	EndGlobalSection
	GlobalSection(ExtensibilityGlobals) = postSolution
		SolutionGuid = {EC1B93A0-B9ED-4D6A-A1DE-9F153377F008}
	EndGlobalSection
EndGlobal
